{
	"name": "PrimeiroProjeto",
	"version": "0.0.1",
	"lockfileVersion": 1,
	"requires": true,
	"dependencies": {
		"bluebird": {
			"version": "3.5.0",
			"resolved": "https://registry.npmjs.org/bluebird/-/bluebird-3.5.0.tgz",
			"integrity": "sha1-eRQg1/VR7qKJdFOop3ZT+WYG1nw="
		},
		"commander": {
			"version": "2.11.0",
			"resolved": "https://registry.npmjs.org/commander/-/commander-2.11.0.tgz",
			"integrity": "sha512-b0553uYA5YAEGgyYIGYROzKQ7X5RAqedkfjiZxwi0kL1g3bOaBNNZfYkzt/CL0umgD5wc9Jec2FbB98CjkMRvQ=="
		},
		"editorconfig": {
			"version": "0.14.1",
			"resolved": "https://registry.npmjs.org/editorconfig/-/editorconfig-0.14.1.tgz",
			"integrity": "sha512-DiHXDqJOEDW9s/ph0ub5TLMt8fpnBBpihGVvOMnvVWRB+61hqYj8zlXzpl14Ue0WSy8a+kIUNO2VGa3AjvTY1A==",
			"requires": {
				"bluebird": "3.5.0",
				"commander": "2.11.0",
				"lru-cache": "3.2.0",
				"semver": "5.4.1",
				"sigmund": "1.0.1"
			}
		},
		"lru-cache": {
			"version": "3.2.0",
			"resolved": "https://registry.npmjs.org/lru-cache/-/lru-cache-3.2.0.tgz",
			"integrity": "sha1-cXibO39Tmb7IVl3aOKow0qCX7+4=",
			"requires": {
				"pseudomap": "1.0.2"
			}
		},
		"pseudomap": {
			"version": "1.0.2",
			"resolved": "https://registry.npmjs.org/pseudomap/-/pseudomap-1.0.2.tgz",
			"integrity": "sha1-8FKijacOYYkX7wqKw0wa5aaChrM="
		},
		"semver": {
			"version": "5.4.1",
			"resolved": "https://registry.npmjs.org/semver/-/semver-5.4.1.tgz",
			"integrity": "sha512-WfG/X9+oATh81XtllIo/I8gOiY9EXRdv1cQdyykeXK17YcUW3EXUAi2To4pcH6nZtJPr7ZOpM5OMyWJZm+8Rsg=="
		},
		"sigmund": {
			"version": "1.0.1",
			"resolved": "https://registry.npmjs.org/sigmund/-/sigmund-1.0.1.tgz",
			"integrity": "sha1-P/IfGYytIXX587eBhT/ZTQ0ZtZA="
		}
	}
}
